
Microsoft Visual Studio Solution File, Format Version 12.00
# Visual Studio Version 17
VisualStudioVersion = 17.9.34622.214
MinimumVisualStudioVersion = 10.0.40219.1
Project("{FAE04EC0-301F-11D3-BF4B-00C04F79EFBC}") = "MVCStokProject", "MVCStokProject.csproj", "{93B982D3-0A0B-4A6B-B291-BB2E99942D84}"
EndProject
Global
	GlobalSection(SolutionConfigurationPlatforms) = preSolution
		Debug|Any CPU = Debug|Any CPU
		Release|Any CPU = Release|Any CPU
	EndGlobalSection
	GlobalSection(ProjectConfigurationPlatforms) = postSolution
		{93B982D3-0A0B-4A6B-B291-BB2E99942D84}.Debug|Any CPU.ActiveCfg = Debug|Any CPU
		{93B982D3-0A0B-4A6B-B291-BB2E99942D84}.Debug|Any CPU.Build.0 = Debug|Any CPU
		{93B982D3-0A0B-4A6B-B291-BB2E99942D84}.Release|Any CPU.ActiveCfg = Release|Any CPU
		{93B982D3-0A0B-4A6B-B291-BB2E99942D84}.Release|Any CPU.Build.0 = Release|Any CPU
	EndGlobalSection
	GlobalSection(SolutionProperties) = preSolution
		HideSolutionNode = FALSE
	EndGlobalSection
	GlobalSection(ExtensibilityGlobals) = postSolution
		SolutionGuid = {168B47A2-9594-4558-A668-FACCBCF1A1DC}
	EndGlobalSection
EndGlobal
